
Microsoft Visual Studio Solution File, Format Version 12.00
# Visual Studio Version 16
VisualStudioVersion = 16.0.31129.286
MinimumVisualStudioVersion = 10.0.40219.1
Project("{FAE04EC0-301F-11D3-BF4B-00C04F79EFBC}") = "Stacker", "Stacker.csproj", "{031B9F11-8674-40E0-95DD-B144A5F67BDC}"
EndProject
Project("{54435603-DBB4-11D2-8724-00A0C9A8B90C}") = "Setup", "..\Setup\Setup.vdproj", "{D74EC8B4-9BA0-46C5-ABB0-A50D5364BF94}"
EndProject
Global
	GlobalSection(SolutionConfigurationPlatforms) = preSolution
		Debug|Any CPU = Debug|Any CPU
		Release|Any CPU = Release|Any CPU
	EndGlobalSection
	GlobalSection(ProjectConfigurationPlatforms) = postSolution
		{031B9F11-8674-40E0-95DD-B144A5F67BDC}.Debug|Any CPU.ActiveCfg = Debug|Any CPU
		{031B9F11-8674-40E0-95DD-B144A5F67BDC}.Debug|Any CPU.Build.0 = Debug|Any CPU
		{031B9F11-8674-40E0-95DD-B144A5F67BDC}.Release|Any CPU.ActiveCfg = Release|Any CPU
		{031B9F11-8674-40E0-95DD-B144A5F67BDC}.Release|Any CPU.Build.0 = Release|Any CPU
		{D74EC8B4-9BA0-46C5-ABB0-A50D5364BF94}.Debug|Any CPU.ActiveCfg = Debug
		{D74EC8B4-9BA0-46C5-ABB0-A50D5364BF94}.Release|Any CPU.ActiveCfg = Release
	EndGlobalSection
	GlobalSection(SolutionProperties) = preSolution
		HideSolutionNode = FALSE
	EndGlobalSection
	GlobalSection(ExtensibilityGlobals) = postSolution
		SolutionGuid = {9788A448-7629-4726-8F99-FE95BC91F1CB}
	EndGlobalSection
EndGlobal
